
Microsoft Visual Studio Solution File, Format Version 12.00
# Visual Studio Version 17
VisualStudioVersion = 17.10.35013.160
MinimumVisualStudioVersion = 10.0.40219.1
Project("{FAE04EC0-301F-11D3-BF4B-00C04F79EFBC}") = "AG.Api", "AG.Api\AG.Api.csproj", "{909152F7-D2E3-4069-9043-7970AD418D12}"
EndProject
Project("{FAE04EC0-301F-11D3-BF4B-00C04F79EFBC}") = "AG.Application", "AG.Application\AG.Application.csproj", "{2B186275-4194-4318-84F2-0CBF64FE08D5}"
EndProject
Project("{FAE04EC0-301F-11D3-BF4B-00C04F79EFBC}") = "AG.Domain", "AG.Domain\AG.Domain.csproj", "{1644E82C-8CC1-49CD-8EF2-9F14B383CE69}"
EndProject
Project("{FAE04EC0-301F-11D3-BF4B-00C04F79EFBC}") = "AG.Infrastructure", "AG.Infrastructure\AG.Infrastructure.csproj", "{411DD867-24A8-4F65-BC36-0AFAB83EF75E}"
EndProject
Project("{2150E333-8FDC-42A3-9474-1A3956D46DE8}") = "Quality", "Quality", "{55C68730-B303-4EB5-8552-46EEC492F03E}"
EndProject
Project("{FAE04EC0-301F-11D3-BF4B-00C04F79EFBC}") = "AG.Api.Test", "AG.Api.Test\AG.Api.Test.csproj", "{9B3F68E3-966C-484C-8868-FFC821AFACBD}"
EndProject
Global
	GlobalSection(SolutionConfigurationPlatforms) = preSolution
		Debug|Any CPU = Debug|Any CPU
		Release|Any CPU = Release|Any CPU
	EndGlobalSection
	GlobalSection(ProjectConfigurationPlatforms) = postSolution
		{909152F7-D2E3-4069-9043-7970AD418D12}.Debug|Any CPU.ActiveCfg = Debug|Any CPU
		{909152F7-D2E3-4069-9043-7970AD418D12}.Debug|Any CPU.Build.0 = Debug|Any CPU
		{909152F7-D2E3-4069-9043-7970AD418D12}.Release|Any CPU.ActiveCfg = Release|Any CPU
		{909152F7-D2E3-4069-9043-7970AD418D12}.Release|Any CPU.Build.0 = Release|Any CPU
		{2B186275-4194-4318-84F2-0CBF64FE08D5}.Debug|Any CPU.ActiveCfg = Debug|Any CPU
		{2B186275-4194-4318-84F2-0CBF64FE08D5}.Debug|Any CPU.Build.0 = Debug|Any CPU
		{2B186275-4194-4318-84F2-0CBF64FE08D5}.Release|Any CPU.ActiveCfg = Release|Any CPU
		{2B186275-4194-4318-84F2-0CBF64FE08D5}.Release|Any CPU.Build.0 = Release|Any CPU
		{1644E82C-8CC1-49CD-8EF2-9F14B383CE69}.Debug|Any CPU.ActiveCfg = Debug|Any CPU
		{1644E82C-8CC1-49CD-8EF2-9F14B383CE69}.Debug|Any CPU.Build.0 = Debug|Any CPU
		{1644E82C-8CC1-49CD-8EF2-9F14B383CE69}.Release|Any CPU.ActiveCfg = Release|Any CPU
		{1644E82C-8CC1-49CD-8EF2-9F14B383CE69}.Release|Any CPU.Build.0 = Release|Any CPU
		{411DD867-24A8-4F65-BC36-0AFAB83EF75E}.Debug|Any CPU.ActiveCfg = Debug|Any CPU
		{411DD867-24A8-4F65-BC36-0AFAB83EF75E}.Debug|Any CPU.Build.0 = Debug|Any CPU
		{411DD867-24A8-4F65-BC36-0AFAB83EF75E}.Release|Any CPU.ActiveCfg = Release|Any CPU
		{411DD867-24A8-4F65-BC36-0AFAB83EF75E}.Release|Any CPU.Build.0 = Release|Any CPU
		{9B3F68E3-966C-484C-8868-FFC821AFACBD}.Debug|Any CPU.ActiveCfg = Debug|Any CPU
		{9B3F68E3-966C-484C-8868-FFC821AFACBD}.Debug|Any CPU.Build.0 = Debug|Any CPU
		{9B3F68E3-966C-484C-8868-FFC821AFACBD}.Release|Any CPU.ActiveCfg = Release|Any CPU
		{9B3F68E3-966C-484C-8868-FFC821AFACBD}.Release|Any CPU.Build.0 = Release|Any CPU
	EndGlobalSection
	GlobalSection(SolutionProperties) = preSolution
		HideSolutionNode = FALSE
	EndGlobalSection
	GlobalSection(NestedProjects) = preSolution
		{9B3F68E3-966C-484C-8868-FFC821AFACBD} = {55C68730-B303-4EB5-8552-46EEC492F03E}
	EndGlobalSection
	GlobalSection(ExtensibilityGlobals) = postSolution
		SolutionGuid = {00569C04-7BDE-480C-94CA-8574A7EACB85}
	EndGlobalSection
EndGlobal
